<?xml version="1.0" encoding="utf-8"?>
<Project ToolsVersion="4.0" xmlns="http://schemas.microsoft.com/developer/msbuild/2003">
  <ItemGroup>
    <Filter Include="1. MAKE FILE">
      <UniqueIdentifier>{e599d205-5eb5-4129-b86b-dff54dbe0daf}</UniqueIdentifier>
    </Filter>
    <Filter Include="7. TEST FILES">
      <UniqueIdentifier>{b541a42d-9a42-44a8-944b-0dd1d307f4e6}</UniqueIdentifier>
    </Filter>
    <Filter Include="6. CODE FILES">
      <UniqueIdentifier>{b85830a2-e014-407e-9871-5a9d4d415ac3}</UniqueIdentifier>
    </Filter>
    <Filter Include="5. SOURCE FILES">
      <UniqueIdentifier>{020f255b-8714-4d5a-a97e-336e06cbc40e}</UniqueIdentifier>
    </Filter>
    <Filter Include="4. HEADER FILES">
      <UniqueIdentifier>{93995380-89BD-4b04-88EB-625FBE52EBFB}</UniqueIdentifier>
      <Extensions>h;hpp;hxx;hm;inl;inc;xsd</Extensions>
    </Filter>
    <Filter Include="2. PARSER GRAMMAR">
      <UniqueIdentifier>{73ee130d-1edc-4b04-b2f6-0c7c4d296452}</UniqueIdentifier>
    </Filter>
    <Filter Include="3. LEXER GRAMMAR">
      <UniqueIdentifier>{bd6a826c-ba71-431c-9537-31a656d51199}</UniqueIdentifier>
    </Filter>
  </ItemGroup>
  <ItemGroup>
    <None Include="test.input.txt">
      <Filter>7. TEST FILES</Filter>
    </None>
    <None Include="test.output.txt">
      <Filter>7. TEST FILES</Filter>
    </None>
    <None Include="Calc.grm">
      <Filter>2. PARSER GRAMMAR</Filter>
    </None>
    <None Include="Calc.lex">
      <Filter>3. LEXER GRAMMAR</Filter>
    </None>
    <None Include="Calc.lgr">
      <Filter>3. LEXER GRAMMAR</Filter>
    </None>
  </ItemGroup>
  <ItemGroup>
    <CustomBuild Include="make.bat">
      <Filter>1. MAKE FILE</Filter>
    </CustomBuild>
  </ItemGroup>
  <ItemGroup>
    <ClInclude Include="..\..\code\lexer.h">
      <Filter>6. CODE FILES</Filter>
    </ClInclude>
    <ClInclude Include="..\..\code\main.h">
      <Filter>6. CODE FILES</Filter>
    </ClInclude>
    <ClInclude Include="Calc_Actions.h">
      <Filter>4. HEADER FILES</Filter>
    </ClInclude>
    <ClInclude Include="..\..\code\parser.h">
      <Filter>6. CODE FILES</Filter>
    </ClInclude>
    <ClInclude Include="Calc_LexerTables.h">
      <Filter>4. HEADER FILES</Filter>
    </ClInclude>
    <ClInclude Include="Calc_Parser.h">
      <Filter>4. HEADER FILES</Filter>
    </ClInclude>
    <ClInclude Include="Calc_ParserTables.h">
      <Filter>4. HEADER FILES</Filter>
    </ClInclude>
    <ClInclude Include="Calc_LexerTables.hpp">
      <Filter>4. HEADER FILES</Filter>
    </ClInclude>
    <ClInclude Include="Calc_ParserTables.hpp">
      <Filter>4. HEADER FILES</Filter>
    </ClInclude>
  </ItemGroup>
  <ItemGroup>
    <ClCompile Include="..\..\code\lexer.cpp">
      <Filter>6. CODE FILES</Filter>
    </ClCompile>
    <ClCompile Include="..\..\code\main.cpp">
      <Filter>6. CODE FILES</Filter>
    </ClCompile>
    <ClCompile Include="Calc_Actions.cpp">
      <Filter>5. SOURCE FILES</Filter>
    </ClCompile>
    <ClCompile Include="Calc_Lexer.cpp">
      <Filter>5. SOURCE FILES</Filter>
    </ClCompile>
    <ClCompile Include="Calc_Main.cpp">
      <Filter>5. SOURCE FILES</Filter>
    </ClCompile>
    <ClCompile Include="Calc_Parser.cpp">
      <Filter>5. SOURCE FILES</Filter>
    </ClCompile>
    <ClCompile Include="..\..\code\parser.cpp">
      <Filter>6. CODE FILES</Filter>
    </ClCompile>
  </ItemGroup>
  <ItemGroup>
    <Text Include="Calc.grm.grammar.txt">
      <Filter>2. PARSER GRAMMAR</Filter>
    </Text>
    <Text Include="Calc.grm.log.txt">
      <Filter>2. PARSER GRAMMAR</Filter>
    </Text>
    <Text Include="Calc.grm.warnings.txt">
      <Filter>2. PARSER GRAMMAR</Filter>
    </Text>
    <Text Include="Calc.grm.states.txt">
      <Filter>2. PARSER GRAMMAR</Filter>
    </Text>
    <Text Include="Calc.grm.conflicts.txt">
      <Filter>2. PARSER GRAMMAR</Filter>
    </Text>
    <Text Include="Calc.lgr.grammar.txt">
      <Filter>3. LEXER GRAMMAR</Filter>
    </Text>
    <Text Include="Calc.lgr.log.txt">
      <Filter>3. LEXER GRAMMAR</Filter>
    </Text>
    <Text Include="Calc.lgr.states.txt">
      <Filter>3. LEXER GRAMMAR</Filter>
    </Text>
    <Text Include="Calc.lgr.warnings.txt">
      <Filter>3. LEXER GRAMMAR</Filter>
    </Text>
    <Text Include="Calc.lgr.conflicts.txt">
      <Filter>3. LEXER GRAMMAR</Filter>
    </Text>
  </ItemGroup>
</Project>