<?xml version="1.0" encoding="utf-8"?>
<Project ToolsVersion="4.0" xmlns="http://schemas.microsoft.com/developer/msbuild/2003">
  <ItemGroup>
    <Filter Include="2. Command Files">
      <UniqueIdentifier>{bea30ade-8a0d-43aa-9626-3a32b87f83ef}</UniqueIdentifier>
    </Filter>
    <Filter Include="4. Header Files">
      <UniqueIdentifier>{93995380-89BD-4b04-88EB-625FBE52EBFB}</UniqueIdentifier>
      <Extensions>h;hpp;hxx;hm;inl;inc;xsd</Extensions>
    </Filter>
    <Filter Include="5. Source Files">
      <UniqueIdentifier>{e76479a3-5e62-44b8-885b-bb3de8c6cf29}</UniqueIdentifier>
    </Filter>
    <Filter Include="6. Code Files">
      <UniqueIdentifier>{6e283911-69e4-469a-9f98-54e94b5100aa}</UniqueIdentifier>
    </Filter>
    <Filter Include="7. Test Files">
      <UniqueIdentifier>{bcf95ffe-fda9-46e0-a43f-82e2d3310049}</UniqueIdentifier>
    </Filter>
  </ItemGroup>
  <ItemGroup>
    <ClInclude Include="..\..\code\lexer.h">
      <Filter>6. Code Files</Filter>
    </ClInclude>
    <ClInclude Include="..\..\code\main.h">
      <Filter>6. Code Files</Filter>
    </ClInclude>
    <ClInclude Include="..\..\code\parser.h">
      <Filter>6. Code Files</Filter>
    </ClInclude>
    <ClInclude Include="SQL_ParserTables.h">
      <Filter>4. Header Files</Filter>
    </ClInclude>
    <ClInclude Include="SQL_Actions.h">
      <Filter>4. Header Files</Filter>
    </ClInclude>
    <ClInclude Include="SQL_Parser.h">
      <Filter>4. Header Files</Filter>
    </ClInclude>
    <ClInclude Include="SQL_ParserTables.hpp">
      <Filter>4. Header Files</Filter>
    </ClInclude>
  </ItemGroup>
  <ItemGroup>
    <ClCompile Include="..\..\code\lexer.cpp">
      <Filter>6. Code Files</Filter>
    </ClCompile>
    <ClCompile Include="..\..\code\main.cpp">
      <Filter>6. Code Files</Filter>
    </ClCompile>
    <ClCompile Include="..\..\code\parser.cpp">
      <Filter>6. Code Files</Filter>
    </ClCompile>
    <ClCompile Include="SQL_Actions.cpp">
      <Filter>5. Source Files</Filter>
    </ClCompile>
    <ClCompile Include="SQL_Lexer.cpp">
      <Filter>5. Source Files</Filter>
    </ClCompile>
    <ClCompile Include="SQL_Main.cpp">
      <Filter>5. Source Files</Filter>
    </ClCompile>
    <ClCompile Include="SQL_Parser.cpp">
      <Filter>5. Source Files</Filter>
    </ClCompile>
  </ItemGroup>
  <ItemGroup>
    <CustomBuild Include="make.bat">
      <Filter>2. Command Files</Filter>
    </CustomBuild>
  </ItemGroup>
</Project>