<?xml version="1.0" encoding="utf-8"?>
<Project ToolsVersion="4.0" xmlns="http://schemas.microsoft.com/developer/msbuild/2003">
  <ItemGroup>
    <Filter Include="3. Grammar Files">
      <UniqueIdentifier>{2d1d3974-1338-45cc-9f1d-c6dbb29fee59}</UniqueIdentifier>
    </Filter>
    <Filter Include="2. Command Files">
      <UniqueIdentifier>{bea30ade-8a0d-43aa-9626-3a32b87f83ef}</UniqueIdentifier>
    </Filter>
    <Filter Include="Header Files">
      <UniqueIdentifier>{42c76677-eba2-41ce-9abf-ef711852269a}</UniqueIdentifier>
    </Filter>
    <Filter Include="Source Files">
      <UniqueIdentifier>{4ff352dc-a57e-4505-a341-639a7e522ec7}</UniqueIdentifier>
    </Filter>
  </ItemGroup>
  <ItemGroup>
    <None Include="make.bat">
      <Filter>2. Command Files</Filter>
    </None>
    <None Include="YACC.grm">
      <Filter>3. Grammar Files</Filter>
    </None>
    <None Include="YACC.lex">
      <Filter>3. Grammar Files</Filter>
    </None>
  </ItemGroup>
  <ItemGroup>
    <Text Include="YACC.grm.grammar.txt">
      <Filter>3. Grammar Files</Filter>
    </Text>
    <Text Include="YACC.grm.log.txt">
      <Filter>3. Grammar Files</Filter>
    </Text>
    <Text Include="YACC.grm.warnings.txt">
      <Filter>3. Grammar Files</Filter>
    </Text>
    <Text Include="YACC.grm.conflicts.txt">
      <Filter>3. Grammar Files</Filter>
    </Text>
    <Text Include="YACC.grm.states.txt">
      <Filter>3. Grammar Files</Filter>
    </Text>
  </ItemGroup>
  <ItemGroup>
    <ClInclude Include="YACC_Actions.h">
      <Filter>Header Files</Filter>
    </ClInclude>
    <ClInclude Include="YACC_Parser.h">
      <Filter>Header Files</Filter>
    </ClInclude>
    <ClInclude Include="YACC_ParserTables.hpp">
      <Filter>Header Files</Filter>
    </ClInclude>
    <ClInclude Include="YACC_ParserTables.h">
      <Filter>Header Files</Filter>
    </ClInclude>
  </ItemGroup>
  <ItemGroup>
    <ClCompile Include="YACC_Actions.cpp">
      <Filter>Source Files</Filter>
    </ClCompile>
    <ClCompile Include="YACC_Lexer.cpp">
      <Filter>Source Files</Filter>
    </ClCompile>
    <ClCompile Include="YACC_Main.cpp">
      <Filter>Source Files</Filter>
    </ClCompile>
    <ClCompile Include="YACC_Parser.cpp">
      <Filter>Source Files</Filter>
    </ClCompile>
  </ItemGroup>
</Project>